
Microsoft Visual Studio Solution File, Format Version 12.00
# Visual Studio Version 16
VisualStudioVersion = 16.0.31205.134
MinimumVisualStudioVersion = 10.0.40219.1
Project("{FAE04EC0-301F-11D3-BF4B-00C04F79EFBC}") = "ProgramCode_1", "ProgramCode_1\ProgramCode_1.csproj", "{9D192D6D-BB5C-4AB3-AB28-A7E3EDD69E47}"
EndProject
Project("{FAE04EC0-301F-11D3-BF4B-00C04F79EFBC}") = "ProgramCode_2", "ProgramCode_2\ProgramCode_2.csproj", "{EFFB9584-4354-412B-BB80-FC6C0040F3AB}"
EndProject
Global
	GlobalSection(SolutionConfigurationPlatforms) = preSolution
		Debug|Any CPU = Debug|Any CPU
		Release|Any CPU = Release|Any CPU
	EndGlobalSection
	GlobalSection(ProjectConfigurationPlatforms) = postSolution
		{9D192D6D-BB5C-4AB3-AB28-A7E3EDD69E47}.Debug|Any CPU.ActiveCfg = Debug|Any CPU
		{9D192D6D-BB5C-4AB3-AB28-A7E3EDD69E47}.Debug|Any CPU.Build.0 = Debug|Any CPU
		{9D192D6D-BB5C-4AB3-AB28-A7E3EDD69E47}.Release|Any CPU.ActiveCfg = Release|Any CPU
		{9D192D6D-BB5C-4AB3-AB28-A7E3EDD69E47}.Release|Any CPU.Build.0 = Release|Any CPU
		{EFFB9584-4354-412B-BB80-FC6C0040F3AB}.Debug|Any CPU.ActiveCfg = Debug|Any CPU
		{EFFB9584-4354-412B-BB80-FC6C0040F3AB}.Debug|Any CPU.Build.0 = Debug|Any CPU
		{EFFB9584-4354-412B-BB80-FC6C0040F3AB}.Release|Any CPU.ActiveCfg = Release|Any CPU
		{EFFB9584-4354-412B-BB80-FC6C0040F3AB}.Release|Any CPU.Build.0 = Release|Any CPU
	EndGlobalSection
	GlobalSection(SolutionProperties) = preSolution
		HideSolutionNode = FALSE
	EndGlobalSection
	GlobalSection(ExtensibilityGlobals) = postSolution
		SolutionGuid = {E91749FB-2464-4AE2-9860-67575B347523}
	EndGlobalSection
EndGlobal
