
Microsoft Visual Studio Solution File, Format Version 12.00
# Visual Studio Version 17
VisualStudioVersion = 17.2.32616.157
MinimumVisualStudioVersion = 10.0.40219.1
Project("{FAE04EC0-301F-11D3-BF4B-00C04F79EFBC}") = "LabWork_4_3", "Hello_WPF_stud\LabWork_4_3.csproj", "{7BEE9A95-CB3B-4851-B90E-35058A3C3895}"
EndProject
Global
	GlobalSection(SolutionConfigurationPlatforms) = preSolution
		Debug|Any CPU = Debug|Any CPU
		Release|Any CPU = Release|Any CPU
	EndGlobalSection
	GlobalSection(ProjectConfigurationPlatforms) = postSolution
		{7BEE9A95-CB3B-4851-B90E-35058A3C3895}.Debug|Any CPU.ActiveCfg = Debug|Any CPU
		{7BEE9A95-CB3B-4851-B90E-35058A3C3895}.Debug|Any CPU.Build.0 = Debug|Any CPU
		{7BEE9A95-CB3B-4851-B90E-35058A3C3895}.Release|Any CPU.ActiveCfg = Release|Any CPU
		{7BEE9A95-CB3B-4851-B90E-35058A3C3895}.Release|Any CPU.Build.0 = Release|Any CPU
	EndGlobalSection
	GlobalSection(SolutionProperties) = preSolution
		HideSolutionNode = FALSE
	EndGlobalSection
	GlobalSection(ExtensibilityGlobals) = postSolution
		SolutionGuid = {6F1BD143-FFEB-413E-B759-04FD6BB982D6}
	EndGlobalSection
EndGlobal
