
Microsoft Visual Studio Solution File, Format Version 12.00
# Visual Studio Version 16
VisualStudioVersion = 16.0.31205.134
MinimumVisualStudioVersion = 10.0.40219.1
Project("{FAE04EC0-301F-11D3-BF4B-00C04F79EFBC}") = "Console_stud", "Console_stud\Console_stud.csproj", "{81593E52-2F57-45DD-90D8-5364CD291948}"
EndProject
Global
	GlobalSection(SolutionConfigurationPlatforms) = preSolution
		Debug|Any CPU = Debug|Any CPU
		Release|Any CPU = Release|Any CPU
	EndGlobalSection
	GlobalSection(ProjectConfigurationPlatforms) = postSolution
		{81593E52-2F57-45DD-90D8-5364CD291948}.Debug|Any CPU.ActiveCfg = Debug|Any CPU
		{81593E52-2F57-45DD-90D8-5364CD291948}.Debug|Any CPU.Build.0 = Debug|Any CPU
		{81593E52-2F57-45DD-90D8-5364CD291948}.Release|Any CPU.ActiveCfg = Release|Any CPU
		{81593E52-2F57-45DD-90D8-5364CD291948}.Release|Any CPU.Build.0 = Release|Any CPU
	EndGlobalSection
	GlobalSection(SolutionProperties) = preSolution
		HideSolutionNode = FALSE
	EndGlobalSection
	GlobalSection(ExtensibilityGlobals) = postSolution
		SolutionGuid = {BB660931-4C16-4107-880C-31A0460CC7C3}
	EndGlobalSection
EndGlobal
