
Microsoft Visual Studio Solution File, Format Version 12.00
# Visual Studio Version 17
VisualStudioVersion = 17.2.32616.157
MinimumVisualStudioVersion = 10.0.40219.1
Project("{FAE04EC0-301F-11D3-BF4B-00C04F79EFBC}") = "AirlineInfo", "AirlineInfo\AirlineInfo.csproj", "{588B5018-EDC8-4143-8D4C-CA43FEBFF03B}"
EndProject
Global
	GlobalSection(SolutionConfigurationPlatforms) = preSolution
		Debug|Any CPU = Debug|Any CPU
		Release|Any CPU = Release|Any CPU
	EndGlobalSection
	GlobalSection(ProjectConfigurationPlatforms) = postSolution
		{588B5018-EDC8-4143-8D4C-CA43FEBFF03B}.Debug|Any CPU.ActiveCfg = Debug|Any CPU
		{588B5018-EDC8-4143-8D4C-CA43FEBFF03B}.Debug|Any CPU.Build.0 = Debug|Any CPU
		{588B5018-EDC8-4143-8D4C-CA43FEBFF03B}.Release|Any CPU.ActiveCfg = Release|Any CPU
		{588B5018-EDC8-4143-8D4C-CA43FEBFF03B}.Release|Any CPU.Build.0 = Release|Any CPU
	EndGlobalSection
	GlobalSection(SolutionProperties) = preSolution
		HideSolutionNode = FALSE
	EndGlobalSection
	GlobalSection(ExtensibilityGlobals) = postSolution
		SolutionGuid = {E01175E8-0F31-42F1-993D-06CD1DEDF5DA}
	EndGlobalSection
EndGlobal
